
Microsoft Visual Studio Solution File, Format Version 12.00
# Visual Studio 15
VisualStudioVersion = 15.0.26124.0
MinimumVisualStudioVersion = 15.0.26124.0
Project("{9A19103F-16F7-4668-BE54-9A1E7A4F7556}") = "MacroConsole", "MacroConsole\MacroConsole.csproj", "{D4AF53C5-AE06-4572-AFFF-BD0FFAA11FCF}"
EndProject
Project("{2150E333-8FDC-42A3-9474-1A3956D46DE8}") = "nugit-MacroSystem", "nugit-MacroSystem", "{1753715D-8432-43E4-86E9-133729AEC3F2}"
EndProject
Project("{9A19103F-16F7-4668-BE54-9A1E7A4F7556}") = "MacroSystem", "..\MacroSystem\MacroSystem\MacroSystem.csproj", "{7C2D7D47-3718-4D2B-BE57-2276C06E7F34}"
EndProject
Global
	GlobalSection(SolutionConfigurationPlatforms) = preSolution
		Debug|Any CPU = Debug|Any CPU
		Release|Any CPU = Release|Any CPU
	EndGlobalSection
	GlobalSection(ProjectConfigurationPlatforms) = postSolution
		{D4AF53C5-AE06-4572-AFFF-BD0FFAA11FCF}.Debug|Any CPU.ActiveCfg = Debug|Any CPU
		{D4AF53C5-AE06-4572-AFFF-BD0FFAA11FCF}.Debug|Any CPU.Build.0 = Debug|Any CPU
		{D4AF53C5-AE06-4572-AFFF-BD0FFAA11FCF}.Release|Any CPU.ActiveCfg = Release|Any CPU
		{D4AF53C5-AE06-4572-AFFF-BD0FFAA11FCF}.Release|Any CPU.Build.0 = Release|Any CPU
		{7C2D7D47-3718-4D2B-BE57-2276C06E7F34}.Debug|Any CPU.ActiveCfg = Debug|Any CPU
		{7C2D7D47-3718-4D2B-BE57-2276C06E7F34}.Debug|Any CPU.Build.0 = Debug|Any CPU
		{7C2D7D47-3718-4D2B-BE57-2276C06E7F34}.Release|Any CPU.ActiveCfg = Release|Any CPU
		{7C2D7D47-3718-4D2B-BE57-2276C06E7F34}.Release|Any CPU.Build.0 = Release|Any CPU
	EndGlobalSection
	GlobalSection(SolutionProperties) = preSolution
		HideSolutionNode = FALSE
	EndGlobalSection
	GlobalSection(NestedProjects) = preSolution
		{7C2D7D47-3718-4D2B-BE57-2276C06E7F34} = {1753715D-8432-43E4-86E9-133729AEC3F2}
	EndGlobalSection
	GlobalSection(ExtensibilityGlobals) = postSolution
		SolutionGuid = {7B9F8063-B427-49E7-94AF-B4F3111A9A0D}
	EndGlobalSection
EndGlobal
